{
    "_readme": [
        "This file locks the dependencies of your project to a known state",
        "Read more about it at https://getcomposer.org/doc/01-basic-usage.md#installing-dependencies",
        "This file is @generated automatically"
    ],
    "content-hash": "b47ba6368015b05fc368a8ec183129c4",
    "packages": [
        {
            "name": "cebe/markdown",
            "version": "1.2.1",
            "source": {
                "type": "git",
                "url": "https://github.com/cebe/markdown.git",
                "reference": "9bac5e971dd391e2802dca5400bbeacbaea9eb86"
            },
            "dist": {
                "type": "zip",
                "url": "https://api.github.com/repos/cebe/markdown/zipball/9bac5e971dd391e2802dca5400bbeacbaea9eb86",
                "reference": "9bac5e971dd391e2802dca5400bbeacbaea9eb86",
                "shasum": ""
            },
            "require": {
                "lib-pcre": "*",
                "php": ">=5.4.0"
            },
            "require-dev": {
                "cebe/indent": "*",
                "facebook/xhprof": "*@dev",
                "phpunit/phpunit": "4.1.*"
            },
            "bin": [
                "bin/markdown"
            ],
            "type": "library",
            "extra": {
                "branch-alias": {
                    "dev-master": "1.2.x-dev"
                }
            },
            "autoload": {
                "psr-4": {
                    "cebe\\markdown\\": ""
                }
            },
            "notification-url": "https://packagist.org/downloads/",
            "license": [
                "MIT"
            ],
            "authors": [
                {
                    "name": "Carsten Brandt",
                    "email": "mail@cebe.cc",
                    "homepage": "http://cebe.cc/",
                    "role": "Creator"
                }
            ],
            "description": "A super fast, highly extensible markdown parser for PHP",
            "homepage": "https://github.com/cebe/markdown#readme",
            "keywords": [
                "extensible",
                "fast",
                "gfm",
                "markdown",
                "markdown-extra"
            ],
            "time": "2018-03-26T11:24:36+00:00"
        },
        {
            "name": "ezyang/htmlpurifier",
            "version": "v4.13.0",
            "source": {
                "type": "git",
                "url": "https://github.com/ezyang/htmlpurifier.git",
                "reference": "08e27c97e4c6ed02f37c5b2b20488046c8d90d75"
            },
            "dist": {
                "type": "zip",
                "url": "https://api.github.com/repos/ezyang/htmlpurifier/zipball/08e27c97e4c6ed02f37c5b2b20488046c8d90d75",
                "reference": "08e27c97e4c6ed02f37c5b2b20488046c8d90d75",
                "shasum": ""
            },
            "require": {
                "php": ">=5.2"
            },
            "require-dev": {
                "simpletest/simpletest": "dev-master#72de02a7b80c6bb8864ef9bf66d41d2f58f826bd"
            },
            "type": "library",
            "autoload": {
                "psr-0": {
                    "HTMLPurifier": "library/"
                },
                "files": [
                    "library/HTMLPurifier.composer.php"
                ],
                "exclude-from-classmap": [
                    "/library/HTMLPurifier/Language/"
                ]
            },
            "notification-url": "https://packagist.org/downloads/",
            "license": [
                "LGPL-2.1-or-later"
            ],
            "authors": [
                {
                    "name": "Edward Z. Yang",
                    "email": "admin@htmlpurifier.org",
                    "homepage": "http://ezyang.com"
                }
            ],
            "description": "Standards compliant HTML filter written in PHP",
            "homepage": "http://htmlpurifier.org/",
            "keywords": [
                "html"
            ],
            "time": "2020-06-29T00:56:53+00:00"
        },
        {
            "name": "fortawesome/font-awesome",
            "version": "5.14.0",
            "source": {
                "type": "git",
                "url": "https://github.com/FortAwesome/Font-Awesome.git",
                "reference": "c38da7f63e45b7ba12fb33539a4e54677f8e63aa"
            },
            "dist": {
                "type": "zip",
                "url": "https://api.github.com/repos/FortAwesome/Font-Awesome/zipball/c38da7f63e45b7ba12fb33539a4e54677f8e63aa",
                "reference": "c38da7f63e45b7ba12fb33539a4e54677f8e63aa",
                "shasum": ""
            },
            "type": "library",
            "notification-url": "https://packagist.org/downloads/",
            "license": [
                "CC-BY-4.0",
                "OFL-1.1",
                "MIT"
            ],
            "authors": [
                {
                    "name": "Travis Chase",
                    "homepage": "http://twitter.com/supercodepoet"
                },
                {
                    "name": "Dave Gandy",
                    "homepage": "http://twitter.com/davegandy"
                },
                {
                    "name": "Rob Madole",
                    "homepage": "http://twitter.com/robmadole"
                },
                {
                    "name": "Jory Raphael",
                    "homepage": "http://twitter.com/sensibleworld"
                },
                {
                    "name": "Geremia Taglialatela",
                    "homepage": "http://twitter.com/gtagliala"
                },
                {
                    "name": "Brian Talbot",
                    "homepage": "http://twitter.com/talbs"
                },
                {
                    "name": "Mike Wilkerson",
                    "homepage": "http://twitter.com/mw77"
                }
            ],
            "description": "The iconic font, CSS, and SVG framework",
            "homepage": "https://fontawesome.com",
            "keywords": [
                "FontAwesome",
                "awesome",
                "bootstrap",
                "font",
                "icon",
                "svg"
            ],
            "time": "2020-07-15T18:03:34+00:00"
        },
        {
            "name": "jp3cki/uuid",
            "version": "v0.1.1",
            "source": {
                "type": "git",
                "url": "https://github.com/fetus-hina/uuid.git",
                "reference": "58364ab6d340c6200007f25b411a56ed08d90a64"
            },
            "dist": {
                "type": "zip",
                "url": "https://api.github.com/repos/fetus-hina/uuid/zipball/58364ab6d340c6200007f25b411a56ed08d90a64",
                "reference": "58364ab6d340c6200007f25b411a56ed08d90a64",
                "shasum": ""
            },
            "require": {
                "ext-hash": "*",
                "ext-pcre": "*",
                "php": ">= 5.4"
            },
            "require-dev": {
                "phpunit/phpunit": "4.*|5.*",
                "squizlabs/php_codesniffer": "^2.5"
            },
            "suggest": {
                "paragonie/random_compat": "random_bytes() polyfill library for PHP 5.6 or earlier."
            },
            "type": "library",
            "autoload": {
                "psr-4": {
                    "jp3cki\\uuid\\": "src",
                    "jp3cki\\uuid\\test\\": "test"
                }
            },
            "notification-url": "https://packagist.org/downloads/",
            "license": [
                "MIT"
            ],
            "authors": [
                {
                    "name": "AIZAWA Hina",
                    "email": "hina@bouhime.com"
                }
            ],
            "time": "2016-08-30T08:48:40+00:00"
        },
        {
            "name": "jp3cki/yii2-mplus1p",
            "version": "v1.0.0",
            "source": {
                "type": "git",
                "url": "https://github.com/fetus-hina/yii2-mplus1p.git",
                "reference": "c9de738598cec4dacb523ebaa9997c62fa285220"
            },
            "dist": {
                "type": "zip",
                "url": "https://api.github.com/repos/fetus-hina/yii2-mplus1p/zipball/c9de738598cec4dacb523ebaa9997c62fa285220",
                "reference": "c9de738598cec4dacb523ebaa9997c62fa285220",
                "shasum": ""
            },
            "require": {
                "yiisoft/yii2": "2.0.*"
            },
            "type": "yii2-extension",
            "autoload": {
                "psr-4": {
                    "jp3cki\\yii2\\mplus1p\\": "src/"
                }
            },
            "notification-url": "https://packagist.org/downloads/",
            "license": [
                "NYSL-0.9982"
            ],
            "authors": [
                {
                    "name": "AIZAWA Hina",
                    "email": "hina@bouhime.com"
                }
            ],
            "description": "M+ 1p webfont asset for Yii Framework 2 (uses Google Fonts)",
            "time": "2017-03-02T13:55:43+00:00"
        },
        {
            "name": "jp3cki/yii2-ubuntu-font",
            "version": "v1.0.0",
            "source": {
                "type": "git",
                "url": "https://github.com/fetus-hina/yii2-ubuntu-font.git",
                "reference": "46a7e07f58c5b9e40694a5ec44151bfb9f584bf0"
            },
            "dist": {
                "type": "zip",
                "url": "https://api.github.com/repos/fetus-hina/yii2-ubuntu-font/zipball/46a7e07f58c5b9e40694a5ec44151bfb9f584bf0",
                "reference": "46a7e07f58c5b9e40694a5ec44151bfb9f584bf0",
                "shasum": ""
            },
            "require": {
                "yiisoft/yii2": "2.0.*"
            },
            "type": "yii2-extension",
            "autoload": {
                "psr-4": {
                    "jp3cki\\yii2\\ubuntu\\": "src/"
                }
            },
            "notification-url": "https://packagist.org/downloads/",
            "license": [
                "NYSL-0.9982"
            ],
            "authors": [
                {
                    "name": "AIZAWA Hina",
                    "email": "hina@bouhime.com"
                }
            ],
            "description": "Ubuntu webfont asset for Yii Framework 2 (uses Google Fonts)",
            "time": "2017-03-02T17:02:28+00:00"
        },
        {
            "name": "rmrevin/yii2-fontawesome",
            "version": "3.6.0",
            "source": {
                "type": "git",
                "url": "https://github.com/rmrevin/yii2-fontawesome.git",
                "reference": "07f1f2cd9a75197dd631649d3f954e55c59c0bec"
            },
            "dist": {
                "type": "zip",
                "url": "https://api.github.com/repos/rmrevin/yii2-fontawesome/zipball/07f1f2cd9a75197dd631649d3f954e55c59c0bec",
                "reference": "07f1f2cd9a75197dd631649d3f954e55c59c0bec",
                "shasum": ""
            },
            "require": {
                "fortawesome/font-awesome": "^5.13.0",
                "php": ">=5.4.0",
                "yiisoft/yii2": "^2.0.0"
            },
            "require-dev": {
                "doctrine/instantiator": "1.0.*",
                "phpdocumentor/reflection-docblock": "~3.1.0",
                "phpunit/phpunit": "^4.8"
            },
            "type": "yii2-extension",
            "extra": {
                "asset-installer-paths": {
                    "npm-asset-library": "vendor/npm",
                    "bower-asset-library": "vendor/bower"
                }
            },
            "autoload": {
                "psr-4": {
                    "rmrevin\\yii\\fontawesome\\": ""
                }
            },
            "notification-url": "https://packagist.org/downloads/",
            "license": [
                "MIT"
            ],
            "authors": [
                {
                    "name": "Revin Roman",
                    "email": "roman@rmrevin.com",
                    "homepage": "https://rmrevin.com/"
                }
            ],
            "description": "Asset Bundle for Yii2 with Font Awesome",
            "keywords": [
                "asset",
                "awesome",
                "bundle",
                "font",
                "yii"
            ],
            "time": "2020-06-27T10:12:14+00:00"
        },
        {
            "name": "yiisoft/yii2",
            "version": "2.0.38",
            "source": {
                "type": "git",
                "url": "https://github.com/yiisoft/yii2-framework.git",
                "reference": "fd01e747cc66a049ec105048f0ab8dfbdf60bf4b"
            },
            "dist": {
                "type": "zip",
                "url": "https://api.github.com/repos/yiisoft/yii2-framework/zipball/fd01e747cc66a049ec105048f0ab8dfbdf60bf4b",
                "reference": "fd01e747cc66a049ec105048f0ab8dfbdf60bf4b",
                "shasum": ""
            },
            "require": {
                "bower-asset/inputmask": "~3.2.2 | ~3.3.5",
                "bower-asset/jquery": "3.5.*@stable | 3.4.*@stable | 3.3.*@stable | 3.2.*@stable | 3.1.*@stable | 2.2.*@stable | 2.1.*@stable | 1.11.*@stable | 1.12.*@stable",
                "bower-asset/punycode": "1.3.*",
                "bower-asset/yii2-pjax": "~2.0.1",
                "cebe/markdown": "~1.0.0 | ~1.1.0 | ~1.2.0",
                "ext-ctype": "*",
                "ext-mbstring": "*",
                "ezyang/htmlpurifier": "~4.6",
                "lib-pcre": "*",
                "php": ">=5.4.0",
                "yiisoft/yii2-composer": "~2.0.4"
            },
            "bin": [
                "yii"
            ],
            "type": "library",
            "extra": {
                "branch-alias": {
                    "dev-master": "2.0.x-dev"
                }
            },
            "autoload": {
                "psr-4": {
                    "yii\\": ""
                }
            },
            "notification-url": "https://packagist.org/downloads/",
            "license": [
                "BSD-3-Clause"
            ],
            "authors": [
                {
                    "name": "Qiang Xue",
                    "email": "qiang.xue@gmail.com",
                    "homepage": "http://www.yiiframework.com/",
                    "role": "Founder and project lead"
                },
                {
                    "name": "Alexander Makarov",
                    "email": "sam@rmcreative.ru",
                    "homepage": "http://rmcreative.ru/",
                    "role": "Core framework development"
                },
                {
                    "name": "Maurizio Domba",
                    "homepage": "http://mdomba.info/",
                    "role": "Core framework development"
                },
                {
                    "name": "Carsten Brandt",
                    "email": "mail@cebe.cc",
                    "homepage": "http://cebe.cc/",
                    "role": "Core framework development"
                },
                {
                    "name": "Timur Ruziev",
                    "email": "resurtm@gmail.com",
                    "homepage": "http://resurtm.com/",
                    "role": "Core framework development"
                },
                {
                    "name": "Paul Klimov",
                    "email": "klimov.paul@gmail.com",
                    "role": "Core framework development"
                },
                {
                    "name": "Dmitry Naumenko",
                    "email": "d.naumenko.a@gmail.com",
                    "role": "Core framework development"
                },
                {
                    "name": "Boudewijn Vahrmeijer",
                    "email": "info@dynasource.eu",
                    "homepage": "http://dynasource.eu",
                    "role": "Core framework development"
                }
            ],
            "description": "Yii PHP Framework Version 2",
            "homepage": "http://www.yiiframework.com/",
            "keywords": [
                "framework",
                "yii2"
            ],
            "funding": [
                {
                    "url": "https://github.com/yiisoft",
                    "type": "github"
                },
                {
                    "url": "https://opencollective.com/yiisoft",
                    "type": "open_collective"
                },
                {
                    "url": "https://tidelift.com/funding/github/packagist/yiisoft/yii2",
                    "type": "tidelift"
                }
            ],
            "time": "2020-09-14T21:52:10+00:00"
        },
        {
            "name": "yiisoft/yii2-bootstrap4",
            "version": "2.0.8",
            "source": {
                "type": "git",
                "url": "https://github.com/yiisoft/yii2-bootstrap4.git",
                "reference": "c67ae3f3624c35d977841f6b18d0d752ebed6420"
            },
            "dist": {
                "type": "zip",
                "url": "https://api.github.com/repos/yiisoft/yii2-bootstrap4/zipball/c67ae3f3624c35d977841f6b18d0d752ebed6420",
                "reference": "c67ae3f3624c35d977841f6b18d0d752ebed6420",
                "shasum": ""
            },
            "require": {
                "npm-asset/bootstrap": "^4.3",
                "yiisoft/yii2": "~2.0"
            },
            "require-dev": {
                "phpunit/phpunit": "<7",
                "yiisoft/yii2-coding-standards": "~2.0"
            },
            "type": "yii2-extension",
            "extra": {
                "branch-alias": {
                    "dev-master": "1.0.x-dev"
                }
            },
            "autoload": {
                "psr-4": {
                    "yii\\bootstrap4\\": "src"
                }
            },
            "notification-url": "https://packagist.org/downloads/",
            "license": [
                "BSD-3-Clause"
            ],
            "authors": [
                {
                    "name": "Qiang Xue",
                    "email": "qiang.xue@gmail.com",
                    "homepage": "http://www.yiiframework.com/"
                },
                {
                    "name": "Alexander Makarov",
                    "email": "sam@rmcreative.ru",
                    "homepage": "http://rmcreative.ru/"
                },
                {
                    "name": "Antonio Ramirez",
                    "email": "amigo.cobos@gmail.com"
                },
                {
                    "name": "Paul Klimov",
                    "email": "klimov.paul@gmail.com"
                },
                {
                    "name": "Simon Karlen",
                    "email": "simi.albi@outlook.com"
                }
            ],
            "description": "The Twitter Bootstrap extension for the Yii framework",
            "keywords": [
                "bootstrap",
                "bootstrap4",
                "yii2"
            ],
            "time": "2019-10-08T11:01:37+00:00"
        },
        {
            "name": "yiisoft/yii2-composer",
            "version": "2.0.10",
            "source": {
                "type": "git",
                "url": "https://github.com/yiisoft/yii2-composer.git",
                "reference": "94bb3f66e779e2774f8776d6e1bdeab402940510"
            },
            "dist": {
                "type": "zip",
                "url": "https://api.github.com/repos/yiisoft/yii2-composer/zipball/94bb3f66e779e2774f8776d6e1bdeab402940510",
                "reference": "94bb3f66e779e2774f8776d6e1bdeab402940510",
                "shasum": ""
            },
            "require": {
                "composer-plugin-api": "^1.0 | ^2.0"
            },
            "require-dev": {
                "composer/composer": "^1.0 | ^2.0@dev",
                "phpunit/phpunit": "<7"
            },
            "type": "composer-plugin",
            "extra": {
                "class": "yii\\composer\\Plugin",
                "branch-alias": {
                    "dev-master": "2.0.x-dev"
                }
            },
            "autoload": {
                "psr-4": {
                    "yii\\composer\\": ""
                }
            },
            "notification-url": "https://packagist.org/downloads/",
            "license": [
                "BSD-3-Clause"
            ],
            "authors": [
                {
                    "name": "Qiang Xue",
                    "email": "qiang.xue@gmail.com"
                },
                {
                    "name": "Carsten Brandt",
                    "email": "mail@cebe.cc"
                }
            ],
            "description": "The composer plugin for Yii extension installer",
            "keywords": [
                "composer",
                "extension installer",
                "yii2"
            ],
            "funding": [
                {
                    "url": "https://github.com/yiisoft",
                    "type": "github"
                },
                {
                    "url": "https://opencollective.com/yiisoft",
                    "type": "open_collective"
                },
                {
                    "url": "https://tidelift.com/funding/github/packagist/yiisoft/yii2-composer",
                    "type": "tidelift"
                }
            ],
            "time": "2020-06-24T00:04:01+00:00"
        }
    ],
    "packages-dev": [
        {
            "name": "opis/closure",
            "version": "3.5.7",
            "source": {
                "type": "git",
                "url": "https://github.com/opis/closure.git",
                "reference": "4531e53afe2fc660403e76fb7644e95998bff7bf"
            },
            "dist": {
                "type": "zip",
                "url": "https://api.github.com/repos/opis/closure/zipball/4531e53afe2fc660403e76fb7644e95998bff7bf",
                "reference": "4531e53afe2fc660403e76fb7644e95998bff7bf",
                "shasum": ""
            },
            "require": {
                "php": "^5.4 || ^7.0"
            },
            "require-dev": {
                "jeremeamia/superclosure": "^2.0",
                "phpunit/phpunit": "^4.0 || ^5.0 || ^6.0 || ^7.0"
            },
            "type": "library",
            "extra": {
                "branch-alias": {
                    "dev-master": "3.5.x-dev"
                }
            },
            "autoload": {
                "psr-4": {
                    "Opis\\Closure\\": "src/"
                },
                "files": [
                    "functions.php"
                ]
            },
            "notification-url": "https://packagist.org/downloads/",
            "license": [
                "MIT"
            ],
            "authors": [
                {
                    "name": "Marius Sarca",
                    "email": "marius.sarca@gmail.com"
                },
                {
                    "name": "Sorin Sarca",
                    "email": "sarca_sorin@hotmail.com"
                }
            ],
            "description": "A library that can be used to serialize closures (anonymous functions) and arbitrary objects.",
            "homepage": "https://opis.io/closure",
            "keywords": [
                "anonymous functions",
                "closure",
                "function",
                "serializable",
                "serialization",
                "serialize"
            ],
            "time": "2020-09-06T17:02:15+00:00"
        },
        {
            "name": "phpspec/php-diff",
            "version": "v1.1.0",
            "source": {
                "type": "git",
                "url": "https://github.com/phpspec/php-diff.git",
                "reference": "0464787bfa7cd13576c5a1e318709768798bec6a"
            },
            "dist": {
                "type": "zip",
                "url": "https://api.github.com/repos/phpspec/php-diff/zipball/0464787bfa7cd13576c5a1e318709768798bec6a",
                "reference": "0464787bfa7cd13576c5a1e318709768798bec6a",
                "shasum": ""
            },
            "type": "library",
            "extra": {
                "branch-alias": {
                    "dev-master": "1.0.x-dev"
                }
            },
            "autoload": {
                "psr-0": {
                    "Diff": "lib/"
                }
            },
            "notification-url": "https://packagist.org/downloads/",
            "license": [
                "BSD-3-Clause"
            ],
            "authors": [
                {
                    "name": "Chris Boulton",
                    "homepage": "http://github.com/chrisboulton"
                }
            ],
            "description": "A comprehensive library for generating differences between two hashable objects (strings or arrays).",
            "time": "2016-04-07T12:29:16+00:00"
        },
        {
            "name": "yiisoft/yii2-debug",
            "version": "2.1.13",
            "source": {
                "type": "git",
                "url": "https://github.com/yiisoft/yii2-debug.git",
                "reference": "696712a2a3565b1a072ad3c9d298e262967e8282"
            },
            "dist": {
                "type": "zip",
                "url": "https://api.github.com/repos/yiisoft/yii2-debug/zipball/696712a2a3565b1a072ad3c9d298e262967e8282",
                "reference": "696712a2a3565b1a072ad3c9d298e262967e8282",
                "shasum": ""
            },
            "require": {
                "ext-mbstring": "*",
                "opis/closure": "^3.3",
                "php": ">=5.4",
                "yiisoft/yii2": "~2.0.13"
            },
            "require-dev": {
                "phpunit/phpunit": "<7",
                "yiisoft/yii2-coding-standards": "~2.0",
                "yiisoft/yii2-swiftmailer": "*"
            },
            "type": "yii2-extension",
            "extra": {
                "branch-alias": {
                    "dev-master": "2.0.x-dev"
                }
            },
            "autoload": {
                "psr-4": {
                    "yii\\debug\\": "src"
                }
            },
            "notification-url": "https://packagist.org/downloads/",
            "license": [
                "BSD-3-Clause"
            ],
            "authors": [
                {
                    "name": "Qiang Xue",
                    "email": "qiang.xue@gmail.com"
                },
                {
                    "name": "Simon Karlen",
                    "email": "simi.albi@outlook.com"
                }
            ],
            "description": "The debugger extension for the Yii framework",
            "keywords": [
                "debug",
                "debugger",
                "yii2"
            ],
            "time": "2020-01-17T13:40:32+00:00"
        },
        {
            "name": "yiisoft/yii2-gii",
            "version": "2.2.1",
            "source": {
                "type": "git",
                "url": "https://github.com/yiisoft/yii2-gii.git",
                "reference": "f3bb400b578b0a0ee737d267ebaffdaad7b32dee"
            },
            "dist": {
                "type": "zip",
                "url": "https://api.github.com/repos/yiisoft/yii2-gii/zipball/f3bb400b578b0a0ee737d267ebaffdaad7b32dee",
                "reference": "f3bb400b578b0a0ee737d267ebaffdaad7b32dee",
                "shasum": ""
            },
            "require": {
                "phpspec/php-diff": "^1.1.0",
                "yiisoft/yii2": "~2.0.14"
            },
            "require-dev": {
                "phpunit/phpunit": "<7",
                "yiisoft/yii2-coding-standards": "~2.0"
            },
            "type": "yii2-extension",
            "extra": {
                "branch-alias": {
                    "dev-master": "2.0.x-dev"
                }
            },
            "autoload": {
                "psr-4": {
                    "yii\\gii\\": "src"
                }
            },
            "notification-url": "https://packagist.org/downloads/",
            "license": [
                "BSD-3-Clause"
            ],
            "authors": [
                {
                    "name": "Qiang Xue",
                    "email": "qiang.xue@gmail.com"
                }
            ],
            "description": "The Gii extension for the Yii framework",
            "keywords": [
                "code generator",
                "gii",
                "yii2"
            ],
            "funding": [
                {
                    "url": "https://github.com/yiisoft",
                    "type": "github"
                },
                {
                    "url": "https://opencollective.com/yiisoft",
                    "type": "open_collective"
                },
                {
                    "url": "https://tidelift.com/funding/github/packagist/yiisoft/yii2-gii",
                    "type": "tidelift"
                }
            ],
            "time": "2020-05-02T11:59:43+00:00"
        }
    ],
    "aliases": [],
    "minimum-stability": "stable",
    "stability-flags": [],
    "prefer-stable": false,
    "prefer-lowest": false,
    "platform": {
        "php": ">=7.4.0"
    },
    "platform-dev": [],
    "platform-overrides": {
        "php": "7.4.10"
    },
    "plugin-api-version": "1.1.0"
}
