{
    "_readme": [
        "This file locks the dependencies of your project to a known state",
        "Read more about it at https://getcomposer.org/doc/01-basic-usage.md#installing-dependencies",
        "This file is @generated automatically"
    ],
    "content-hash": "7453d3bc71292c8a88f0f89de70e1a67",
    "packages": [
        {
            "name": "bower-asset/bootstrap",
            "version": "v3.3.7",
            "source": {
                "type": "git",
                "url": "https://github.com/twbs/bootstrap.git",
                "reference": "0b9c4a4007c44201dce9a6cc1a38407005c26c86"
            },
            "dist": {
                "type": "zip",
                "url": "https://api.github.com/repos/twbs/bootstrap/zipball/0b9c4a4007c44201dce9a6cc1a38407005c26c86",
                "reference": "0b9c4a4007c44201dce9a6cc1a38407005c26c86",
                "shasum": ""
            },
            "require": {
                "bower-asset/jquery": ">=1.9.1,<4.0"
            },
            "type": "bower-asset-library",
            "extra": {
                "bower-asset-main": [
                    "less/bootstrap.less",
                    "dist/js/bootstrap.js"
                ],
                "bower-asset-ignore": [
                    "/.*",
                    "_config.yml",
                    "CNAME",
                    "composer.json",
                    "CONTRIBUTING.md",
                    "docs",
                    "js/tests",
                    "test-infra"
                ]
            },
            "license": [
                "MIT"
            ],
            "description": "The most popular front-end framework for developing responsive, mobile first projects on the web.",
            "keywords": [
                "css",
                "framework",
                "front-end",
                "js",
                "less",
                "mobile-first",
                "responsive",
                "web"
            ]
        },
        {
            "name": "bower-asset/inputmask",
            "version": "3.3.8",
            "source": {
                "type": "git",
                "url": "https://github.com/RobinHerbots/Inputmask.git",
                "reference": "791d84990c4a98df1597e9d155be53a3725805dd"
            },
            "dist": {
                "type": "zip",
                "url": "https://api.github.com/repos/RobinHerbots/Inputmask/zipball/791d84990c4a98df1597e9d155be53a3725805dd",
                "reference": "791d84990c4a98df1597e9d155be53a3725805dd",
                "shasum": ""
            },
            "require": {
                "bower-asset/jquery": ">=1.7"
            },
            "type": "bower-asset-library",
            "extra": {
                "bower-asset-main": [
                    "./dist/inputmask/inputmask.js",
                    "./dist/inputmask/inputmask.extensions.js",
                    "./dist/inputmask/inputmask.date.extensions.js",
                    "./dist/inputmask/inputmask.numeric.extensions.js",
                    "./dist/inputmask/inputmask.phone.extensions.js",
                    "./dist/inputmask/jquery.inputmask.js",
                    "./dist/inputmask/global/document.js",
                    "./dist/inputmask/global/window.js",
                    "./dist/inputmask/phone-codes/phone.js",
                    "./dist/inputmask/phone-codes/phone-be.js",
                    "./dist/inputmask/phone-codes/phone-nl.js",
                    "./dist/inputmask/phone-codes/phone-ru.js",
                    "./dist/inputmask/phone-codes/phone-uk.js",
                    "./dist/inputmask/dependencyLibs/inputmask.dependencyLib.jqlite.js",
                    "./dist/inputmask/dependencyLibs/inputmask.dependencyLib.jquery.js",
                    "./dist/inputmask/dependencyLibs/inputmask.dependencyLib.js",
                    "./dist/inputmask/bindings/inputmask.binding.js"
                ],
                "bower-asset-ignore": [
                    "**/*",
                    "!dist/*",
                    "!dist/inputmask/*",
                    "!dist/min/*",
                    "!dist/min/inputmask/*"
                ]
            },
            "license": [
                "http://opensource.org/licenses/mit-license.php"
            ],
            "description": "Inputmask is a javascript library which creates an input mask.  Inputmask can run against vanilla javascript, jQuery and jqlite.",
            "keywords": [
                "form",
                "input",
                "inputmask",
                "jquery",
                "mask",
                "plugins"
            ]
        },
        {
            "name": "bower-asset/jquery",
            "version": "3.2.1",
            "source": {
                "type": "git",
                "url": "https://github.com/jquery/jquery-dist.git",
                "reference": "77d2a51d0520d2ee44173afdf4e40a9201f5964e"
            },
            "dist": {
                "type": "zip",
                "url": "https://api.github.com/repos/jquery/jquery-dist/zipball/77d2a51d0520d2ee44173afdf4e40a9201f5964e",
                "reference": "77d2a51d0520d2ee44173afdf4e40a9201f5964e",
                "shasum": ""
            },
            "type": "bower-asset-library",
            "extra": {
                "bower-asset-main": "dist/jquery.js",
                "bower-asset-ignore": [
                    "package.json"
                ]
            },
            "license": [
                "MIT"
            ],
            "keywords": [
                "browser",
                "javascript",
                "jquery",
                "library"
            ]
        },
        {
            "name": "bower-asset/punycode",
            "version": "v1.3.2",
            "source": {
                "type": "git",
                "url": "https://github.com/bestiejs/punycode.js.git",
                "reference": "38c8d3131a82567bfef18da09f7f4db68c84f8a3"
            },
            "dist": {
                "type": "zip",
                "url": "https://api.github.com/repos/bestiejs/punycode.js/zipball/38c8d3131a82567bfef18da09f7f4db68c84f8a3",
                "reference": "38c8d3131a82567bfef18da09f7f4db68c84f8a3",
                "shasum": ""
            },
            "type": "bower-asset-library",
            "extra": {
                "bower-asset-main": "punycode.js",
                "bower-asset-ignore": [
                    "coverage",
                    "tests",
                    ".*",
                    "component.json",
                    "Gruntfile.js",
                    "node_modules",
                    "package.json"
                ]
            }
        },
        {
            "name": "bower-asset/yii2-pjax",
            "version": "v2.0.6",
            "source": {
                "type": "git",
                "url": "https://github.com/yiisoft/jquery-pjax.git",
                "reference": "60728da6ade5879e807a49ce59ef9a72039b8978"
            },
            "dist": {
                "type": "zip",
                "url": "https://api.github.com/repos/yiisoft/jquery-pjax/zipball/60728da6ade5879e807a49ce59ef9a72039b8978",
                "reference": "60728da6ade5879e807a49ce59ef9a72039b8978",
                "shasum": ""
            },
            "require": {
                "bower-asset/jquery": ">=1.8"
            },
            "type": "bower-asset-library",
            "extra": {
                "bower-asset-main": "./jquery.pjax.js",
                "bower-asset-ignore": [
                    ".travis.yml",
                    "Gemfile",
                    "Gemfile.lock",
                    "CONTRIBUTING.md",
                    "vendor/",
                    "script/",
                    "test/"
                ]
            },
            "license": [
                "MIT"
            ]
        },
        {
            "name": "cebe/markdown",
            "version": "1.2.1",
            "source": {
                "type": "git",
                "url": "https://github.com/cebe/markdown.git",
                "reference": "9bac5e971dd391e2802dca5400bbeacbaea9eb86"
            },
            "dist": {
                "type": "zip",
                "url": "https://api.github.com/repos/cebe/markdown/zipball/9bac5e971dd391e2802dca5400bbeacbaea9eb86",
                "reference": "9bac5e971dd391e2802dca5400bbeacbaea9eb86",
                "shasum": ""
            },
            "require": {
                "lib-pcre": "*",
                "php": ">=5.4.0"
            },
            "require-dev": {
                "cebe/indent": "*",
                "facebook/xhprof": "*@dev",
                "phpunit/phpunit": "4.1.*"
            },
            "bin": [
                "bin/markdown"
            ],
            "type": "library",
            "extra": {
                "branch-alias": {
                    "dev-master": "1.2.x-dev"
                }
            },
            "autoload": {
                "psr-4": {
                    "cebe\\markdown\\": ""
                }
            },
            "notification-url": "https://packagist.org/downloads/",
            "license": [
                "MIT"
            ],
            "authors": [
                {
                    "name": "Carsten Brandt",
                    "email": "mail@cebe.cc",
                    "homepage": "http://cebe.cc/",
                    "role": "Creator"
                }
            ],
            "description": "A super fast, highly extensible markdown parser for PHP",
            "homepage": "https://github.com/cebe/markdown#readme",
            "keywords": [
                "extensible",
                "fast",
                "gfm",
                "markdown",
                "markdown-extra"
            ],
            "time": "2018-03-26T11:24:36+00:00"
        },
        {
            "name": "ezyang/htmlpurifier",
            "version": "v4.13.0",
            "source": {
                "type": "git",
                "url": "https://github.com/ezyang/htmlpurifier.git",
                "reference": "08e27c97e4c6ed02f37c5b2b20488046c8d90d75"
            },
            "dist": {
                "type": "zip",
                "url": "https://api.github.com/repos/ezyang/htmlpurifier/zipball/08e27c97e4c6ed02f37c5b2b20488046c8d90d75",
                "reference": "08e27c97e4c6ed02f37c5b2b20488046c8d90d75",
                "shasum": ""
            },
            "require": {
                "php": ">=5.2"
            },
            "require-dev": {
                "simpletest/simpletest": "dev-master#72de02a7b80c6bb8864ef9bf66d41d2f58f826bd"
            },
            "type": "library",
            "autoload": {
                "psr-0": {
                    "HTMLPurifier": "library/"
                },
                "files": [
                    "library/HTMLPurifier.composer.php"
                ],
                "exclude-from-classmap": [
                    "/library/HTMLPurifier/Language/"
                ]
            },
            "notification-url": "https://packagist.org/downloads/",
            "license": [
                "LGPL-2.1-or-later"
            ],
            "authors": [
                {
                    "name": "Edward Z. Yang",
                    "email": "admin@htmlpurifier.org",
                    "homepage": "http://ezyang.com"
                }
            ],
            "description": "Standards compliant HTML filter written in PHP",
            "homepage": "http://htmlpurifier.org/",
            "keywords": [
                "html"
            ],
            "time": "2020-06-29T00:56:53+00:00"
        },
        {
            "name": "fortawesome/font-awesome",
            "version": "v4.7.0",
            "source": {
                "type": "git",
                "url": "https://github.com/FortAwesome/Font-Awesome.git",
                "reference": "a8386aae19e200ddb0f6845b5feeee5eb7013687"
            },
            "dist": {
                "type": "zip",
                "url": "https://api.github.com/repos/FortAwesome/Font-Awesome/zipball/a8386aae19e200ddb0f6845b5feeee5eb7013687",
                "reference": "a8386aae19e200ddb0f6845b5feeee5eb7013687",
                "shasum": ""
            },
            "require-dev": {
                "jekyll": "1.0.2",
                "lessc": "1.4.2"
            },
            "type": "library",
            "extra": {
                "branch-alias": {
                    "dev-master": "4.6.x-dev"
                }
            },
            "notification-url": "https://packagist.org/downloads/",
            "license": [
                "OFL-1.1",
                "MIT"
            ],
            "authors": [
                {
                    "name": "Dave Gandy",
                    "email": "dave@fontawesome.io",
                    "homepage": "http://twitter.com/davegandy",
                    "role": "Developer"
                }
            ],
            "description": "The iconic font and CSS framework",
            "homepage": "http://fontawesome.io/",
            "keywords": [
                "FontAwesome",
                "awesome",
                "bootstrap",
                "font",
                "icon"
            ],
            "time": "2016-10-24T15:52:54+00:00"
        },
        {
            "name": "jp3cki/uuid",
            "version": "v0.1.1",
            "source": {
                "type": "git",
                "url": "https://github.com/fetus-hina/uuid.git",
                "reference": "58364ab6d340c6200007f25b411a56ed08d90a64"
            },
            "dist": {
                "type": "zip",
                "url": "https://api.github.com/repos/fetus-hina/uuid/zipball/58364ab6d340c6200007f25b411a56ed08d90a64",
                "reference": "58364ab6d340c6200007f25b411a56ed08d90a64",
                "shasum": ""
            },
            "require": {
                "ext-hash": "*",
                "ext-pcre": "*",
                "php": ">= 5.4"
            },
            "require-dev": {
                "phpunit/phpunit": "4.*|5.*",
                "squizlabs/php_codesniffer": "^2.5"
            },
            "suggest": {
                "paragonie/random_compat": "random_bytes() polyfill library for PHP 5.6 or earlier."
            },
            "type": "library",
            "autoload": {
                "psr-4": {
                    "jp3cki\\uuid\\": "src",
                    "jp3cki\\uuid\\test\\": "test"
                }
            },
            "notification-url": "https://packagist.org/downloads/",
            "license": [
                "MIT"
            ],
            "authors": [
                {
                    "name": "AIZAWA Hina",
                    "email": "hina@bouhime.com"
                }
            ],
            "time": "2016-08-30T08:48:40+00:00"
        },
        {
            "name": "jp3cki/yii2-mplus1p",
            "version": "v1.0.0",
            "source": {
                "type": "git",
                "url": "https://github.com/fetus-hina/yii2-mplus1p.git",
                "reference": "c9de738598cec4dacb523ebaa9997c62fa285220"
            },
            "dist": {
                "type": "zip",
                "url": "https://api.github.com/repos/fetus-hina/yii2-mplus1p/zipball/c9de738598cec4dacb523ebaa9997c62fa285220",
                "reference": "c9de738598cec4dacb523ebaa9997c62fa285220",
                "shasum": ""
            },
            "require": {
                "yiisoft/yii2": "2.0.*"
            },
            "type": "yii2-extension",
            "autoload": {
                "psr-4": {
                    "jp3cki\\yii2\\mplus1p\\": "src/"
                }
            },
            "notification-url": "https://packagist.org/downloads/",
            "license": [
                "NYSL-0.9982"
            ],
            "authors": [
                {
                    "name": "AIZAWA Hina",
                    "email": "hina@bouhime.com"
                }
            ],
            "description": "M+ 1p webfont asset for Yii Framework 2 (uses Google Fonts)",
            "time": "2017-03-02T13:55:43+00:00"
        },
        {
            "name": "jp3cki/yii2-ubuntu-font",
            "version": "v1.0.0",
            "source": {
                "type": "git",
                "url": "https://github.com/fetus-hina/yii2-ubuntu-font.git",
                "reference": "46a7e07f58c5b9e40694a5ec44151bfb9f584bf0"
            },
            "dist": {
                "type": "zip",
                "url": "https://api.github.com/repos/fetus-hina/yii2-ubuntu-font/zipball/46a7e07f58c5b9e40694a5ec44151bfb9f584bf0",
                "reference": "46a7e07f58c5b9e40694a5ec44151bfb9f584bf0",
                "shasum": ""
            },
            "require": {
                "yiisoft/yii2": "2.0.*"
            },
            "type": "yii2-extension",
            "autoload": {
                "psr-4": {
                    "jp3cki\\yii2\\ubuntu\\": "src/"
                }
            },
            "notification-url": "https://packagist.org/downloads/",
            "license": [
                "NYSL-0.9982"
            ],
            "authors": [
                {
                    "name": "AIZAWA Hina",
                    "email": "hina@bouhime.com"
                }
            ],
            "description": "Ubuntu webfont asset for Yii Framework 2 (uses Google Fonts)",
            "time": "2017-03-02T17:02:28+00:00"
        },
        {
            "name": "rmrevin/yii2-fontawesome",
            "version": "2.17.1",
            "source": {
                "type": "git",
                "url": "https://github.com/rmrevin/yii2-fontawesome.git",
                "reference": "65ce306da864f4d558348aeba040ed7876878090"
            },
            "dist": {
                "type": "zip",
                "url": "https://api.github.com/repos/rmrevin/yii2-fontawesome/zipball/65ce306da864f4d558348aeba040ed7876878090",
                "reference": "65ce306da864f4d558348aeba040ed7876878090",
                "shasum": ""
            },
            "require": {
                "fortawesome/font-awesome": "~4.7",
                "php": ">=5.4.0",
                "yiisoft/yii2": "2.0.*"
            },
            "type": "yii2-extension",
            "extra": {
                "asset-installer-paths": {
                    "npm-asset-library": "vendor/npm",
                    "bower-asset-library": "vendor/bower"
                }
            },
            "autoload": {
                "psr-4": {
                    "rmrevin\\yii\\fontawesome\\": ""
                }
            },
            "notification-url": "https://packagist.org/downloads/",
            "license": [
                "MIT"
            ],
            "authors": [
                {
                    "name": "Revin Roman",
                    "email": "roman@rmrevin.com",
                    "homepage": "https://rmrevin.com/"
                }
            ],
            "description": "Asset Bundle for Yii2 with Font Awesome",
            "keywords": [
                "asset",
                "awesome",
                "bundle",
                "font",
                "yii"
            ],
            "time": "2017-01-11T14:05:47+00:00"
        },
        {
            "name": "smarty/smarty",
            "version": "v3.1.36",
            "source": {
                "type": "git",
                "url": "https://github.com/smarty-php/smarty.git",
                "reference": "fd148f7ade295014fff77f89ee3d5b20d9d55451"
            },
            "dist": {
                "type": "zip",
                "url": "https://api.github.com/repos/smarty-php/smarty/zipball/fd148f7ade295014fff77f89ee3d5b20d9d55451",
                "reference": "fd148f7ade295014fff77f89ee3d5b20d9d55451",
                "shasum": ""
            },
            "require": {
                "php": ">=5.2"
            },
            "require-dev": {
                "phpunit/phpunit": "6.4.1",
                "smarty/smarty-lexer": "^3.1"
            },
            "type": "library",
            "extra": {
                "branch-alias": {
                    "dev-master": "3.1.x-dev"
                }
            },
            "autoload": {
                "classmap": [
                    "libs/"
                ]
            },
            "notification-url": "https://packagist.org/downloads/",
            "license": [
                "LGPL-3.0"
            ],
            "authors": [
                {
                    "name": "Monte Ohrt",
                    "email": "monte@ohrt.com"
                },
                {
                    "name": "Uwe Tews",
                    "email": "uwe.tews@googlemail.com"
                },
                {
                    "name": "Rodney Rehm",
                    "email": "rodney.rehm@medialize.de"
                }
            ],
            "description": "Smarty - the compiling PHP template engine",
            "homepage": "http://www.smarty.net",
            "keywords": [
                "templating"
            ],
            "time": "2020-04-14T14:44:26+00:00"
        },
        {
            "name": "yiisoft/yii2",
            "version": "2.0.37",
            "source": {
                "type": "git",
                "url": "https://github.com/yiisoft/yii2-framework.git",
                "reference": "e8094d1aa9e807fbea970bc1360ab836ffb1b738"
            },
            "dist": {
                "type": "zip",
                "url": "https://api.github.com/repos/yiisoft/yii2-framework/zipball/e8094d1aa9e807fbea970bc1360ab836ffb1b738",
                "reference": "e8094d1aa9e807fbea970bc1360ab836ffb1b738",
                "shasum": ""
            },
            "require": {
                "bower-asset/inputmask": "~3.2.2 | ~3.3.5",
                "bower-asset/jquery": "3.5.*@stable | 3.4.*@stable | 3.3.*@stable | 3.2.*@stable | 3.1.*@stable | 2.2.*@stable | 2.1.*@stable | 1.11.*@stable | 1.12.*@stable",
                "bower-asset/punycode": "1.3.*",
                "bower-asset/yii2-pjax": "~2.0.1",
                "cebe/markdown": "~1.0.0 | ~1.1.0 | ~1.2.0",
                "ext-ctype": "*",
                "ext-mbstring": "*",
                "ezyang/htmlpurifier": "~4.6",
                "lib-pcre": "*",
                "php": ">=5.4.0",
                "yiisoft/yii2-composer": "~2.0.4"
            },
            "bin": [
                "yii"
            ],
            "type": "library",
            "extra": {
                "branch-alias": {
                    "dev-master": "2.0.x-dev"
                }
            },
            "autoload": {
                "psr-4": {
                    "yii\\": ""
                }
            },
            "notification-url": "https://packagist.org/downloads/",
            "license": [
                "BSD-3-Clause"
            ],
            "authors": [
                {
                    "name": "Qiang Xue",
                    "email": "qiang.xue@gmail.com",
                    "homepage": "http://www.yiiframework.com/",
                    "role": "Founder and project lead"
                },
                {
                    "name": "Alexander Makarov",
                    "email": "sam@rmcreative.ru",
                    "homepage": "http://rmcreative.ru/",
                    "role": "Core framework development"
                },
                {
                    "name": "Maurizio Domba",
                    "homepage": "http://mdomba.info/",
                    "role": "Core framework development"
                },
                {
                    "name": "Carsten Brandt",
                    "email": "mail@cebe.cc",
                    "homepage": "http://cebe.cc/",
                    "role": "Core framework development"
                },
                {
                    "name": "Timur Ruziev",
                    "email": "resurtm@gmail.com",
                    "homepage": "http://resurtm.com/",
                    "role": "Core framework development"
                },
                {
                    "name": "Paul Klimov",
                    "email": "klimov.paul@gmail.com",
                    "role": "Core framework development"
                },
                {
                    "name": "Dmitry Naumenko",
                    "email": "d.naumenko.a@gmail.com",
                    "role": "Core framework development"
                },
                {
                    "name": "Boudewijn Vahrmeijer",
                    "email": "info@dynasource.eu",
                    "homepage": "http://dynasource.eu",
                    "role": "Core framework development"
                }
            ],
            "description": "Yii PHP Framework Version 2",
            "homepage": "http://www.yiiframework.com/",
            "keywords": [
                "framework",
                "yii2"
            ],
            "funding": [
                {
                    "url": "https://github.com/yiisoft",
                    "type": "github"
                },
                {
                    "url": "https://opencollective.com/yiisoft",
                    "type": "open_collective"
                },
                {
                    "url": "https://tidelift.com/funding/github/packagist/yiisoft/yii2",
                    "type": "tidelift"
                }
            ],
            "time": "2020-08-07T20:11:56+00:00"
        },
        {
            "name": "yiisoft/yii2-bootstrap",
            "version": "2.0.10",
            "source": {
                "type": "git",
                "url": "https://github.com/yiisoft/yii2-bootstrap.git",
                "reference": "073c9ab0a4eb71f2485d84c96a1967130300d8fc"
            },
            "dist": {
                "type": "zip",
                "url": "https://api.github.com/repos/yiisoft/yii2-bootstrap/zipball/073c9ab0a4eb71f2485d84c96a1967130300d8fc",
                "reference": "073c9ab0a4eb71f2485d84c96a1967130300d8fc",
                "shasum": ""
            },
            "require": {
                "bower-asset/bootstrap": "3.4.* | 3.3.* | 3.2.* | 3.1.*",
                "yiisoft/yii2": "~2.0.6"
            },
            "require-dev": {
                "phpunit/phpunit": "<7"
            },
            "type": "yii2-extension",
            "extra": {
                "branch-alias": {
                    "dev-master": "2.0.x-dev"
                }
            },
            "autoload": {
                "psr-4": {
                    "yii\\bootstrap\\": "src"
                }
            },
            "notification-url": "https://packagist.org/downloads/",
            "license": [
                "BSD-3-Clause"
            ],
            "authors": [
                {
                    "name": "Paul Klimov",
                    "email": "klimov.paul@gmail.com"
                },
                {
                    "name": "Alexander Makarov",
                    "email": "sam@rmcreative.ru",
                    "homepage": "http://rmcreative.ru/"
                },
                {
                    "name": "Antonio Ramirez",
                    "email": "amigo.cobos@gmail.com"
                },
                {
                    "name": "Qiang Xue",
                    "email": "qiang.xue@gmail.com",
                    "homepage": "http://www.yiiframework.com/"
                }
            ],
            "description": "The Twitter Bootstrap extension for the Yii framework",
            "keywords": [
                "bootstrap",
                "yii2"
            ],
            "time": "2019-04-23T13:18:43+00:00"
        },
        {
            "name": "yiisoft/yii2-composer",
            "version": "2.0.10",
            "source": {
                "type": "git",
                "url": "https://github.com/yiisoft/yii2-composer.git",
                "reference": "94bb3f66e779e2774f8776d6e1bdeab402940510"
            },
            "dist": {
                "type": "zip",
                "url": "https://api.github.com/repos/yiisoft/yii2-composer/zipball/94bb3f66e779e2774f8776d6e1bdeab402940510",
                "reference": "94bb3f66e779e2774f8776d6e1bdeab402940510",
                "shasum": ""
            },
            "require": {
                "composer-plugin-api": "^1.0 | ^2.0"
            },
            "require-dev": {
                "composer/composer": "^1.0 | ^2.0@dev",
                "phpunit/phpunit": "<7"
            },
            "type": "composer-plugin",
            "extra": {
                "class": "yii\\composer\\Plugin",
                "branch-alias": {
                    "dev-master": "2.0.x-dev"
                }
            },
            "autoload": {
                "psr-4": {
                    "yii\\composer\\": ""
                }
            },
            "notification-url": "https://packagist.org/downloads/",
            "license": [
                "BSD-3-Clause"
            ],
            "authors": [
                {
                    "name": "Qiang Xue",
                    "email": "qiang.xue@gmail.com"
                },
                {
                    "name": "Carsten Brandt",
                    "email": "mail@cebe.cc"
                }
            ],
            "description": "The composer plugin for Yii extension installer",
            "keywords": [
                "composer",
                "extension installer",
                "yii2"
            ],
            "funding": [
                {
                    "url": "https://github.com/yiisoft",
                    "type": "github"
                },
                {
                    "url": "https://opencollective.com/yiisoft",
                    "type": "open_collective"
                },
                {
                    "url": "https://tidelift.com/funding/github/packagist/yiisoft/yii2-composer",
                    "type": "tidelift"
                }
            ],
            "time": "2020-06-24T00:04:01+00:00"
        },
        {
            "name": "yiisoft/yii2-smarty",
            "version": "2.0.9",
            "source": {
                "type": "git",
                "url": "https://github.com/yiisoft/yii2-smarty.git",
                "reference": "f6fa2b158ebf411d2ed28e7d5cbddc39e38a3b56"
            },
            "dist": {
                "type": "zip",
                "url": "https://api.github.com/repos/yiisoft/yii2-smarty/zipball/f6fa2b158ebf411d2ed28e7d5cbddc39e38a3b56",
                "reference": "f6fa2b158ebf411d2ed28e7d5cbddc39e38a3b56",
                "shasum": ""
            },
            "require": {
                "smarty/smarty": "~3.1.0",
                "yiisoft/yii2": "~2.0.0"
            },
            "require-dev": {
                "phpunit/phpunit": "<7",
                "yiisoft/yii2-coding-standards": "~2.0"
            },
            "type": "yii2-extension",
            "extra": {
                "branch-alias": {
                    "dev-master": "2.0.x-dev"
                }
            },
            "autoload": {
                "psr-4": {
                    "yii\\smarty\\": "src"
                }
            },
            "notification-url": "https://packagist.org/downloads/",
            "license": [
                "BSD-3-Clause"
            ],
            "authors": [
                {
                    "name": "Alexander Makarov",
                    "email": "sam@rmcreative.ru"
                }
            ],
            "description": "The Smarty integration for the Yii framework",
            "keywords": [
                "renderer",
                "smarty",
                "yii2"
            ],
            "time": "2019-11-19T20:24:19+00:00"
        }
    ],
    "packages-dev": [
        {
            "name": "opis/closure",
            "version": "3.5.6",
            "source": {
                "type": "git",
                "url": "https://github.com/opis/closure.git",
                "reference": "e8d34df855b0a0549a300cb8cb4db472556e8aa9"
            },
            "dist": {
                "type": "zip",
                "url": "https://api.github.com/repos/opis/closure/zipball/e8d34df855b0a0549a300cb8cb4db472556e8aa9",
                "reference": "e8d34df855b0a0549a300cb8cb4db472556e8aa9",
                "shasum": ""
            },
            "require": {
                "php": "^5.4 || ^7.0"
            },
            "require-dev": {
                "jeremeamia/superclosure": "^2.0",
                "phpunit/phpunit": "^4.0 || ^5.0 || ^6.0 || ^7.0"
            },
            "type": "library",
            "extra": {
                "branch-alias": {
                    "dev-master": "3.5.x-dev"
                }
            },
            "autoload": {
                "psr-4": {
                    "Opis\\Closure\\": "src/"
                },
                "files": [
                    "functions.php"
                ]
            },
            "notification-url": "https://packagist.org/downloads/",
            "license": [
                "MIT"
            ],
            "authors": [
                {
                    "name": "Marius Sarca",
                    "email": "marius.sarca@gmail.com"
                },
                {
                    "name": "Sorin Sarca",
                    "email": "sarca_sorin@hotmail.com"
                }
            ],
            "description": "A library that can be used to serialize closures (anonymous functions) and arbitrary objects.",
            "homepage": "https://opis.io/closure",
            "keywords": [
                "anonymous functions",
                "closure",
                "function",
                "serializable",
                "serialization",
                "serialize"
            ],
            "time": "2020-08-11T08:46:50+00:00"
        },
        {
            "name": "phpspec/php-diff",
            "version": "v1.1.0",
            "source": {
                "type": "git",
                "url": "https://github.com/phpspec/php-diff.git",
                "reference": "0464787bfa7cd13576c5a1e318709768798bec6a"
            },
            "dist": {
                "type": "zip",
                "url": "https://api.github.com/repos/phpspec/php-diff/zipball/0464787bfa7cd13576c5a1e318709768798bec6a",
                "reference": "0464787bfa7cd13576c5a1e318709768798bec6a",
                "shasum": ""
            },
            "type": "library",
            "extra": {
                "branch-alias": {
                    "dev-master": "1.0.x-dev"
                }
            },
            "autoload": {
                "psr-0": {
                    "Diff": "lib/"
                }
            },
            "notification-url": "https://packagist.org/downloads/",
            "license": [
                "BSD-3-Clause"
            ],
            "authors": [
                {
                    "name": "Chris Boulton",
                    "homepage": "http://github.com/chrisboulton"
                }
            ],
            "description": "A comprehensive library for generating differences between two hashable objects (strings or arrays).",
            "time": "2016-04-07T12:29:16+00:00"
        },
        {
            "name": "yiisoft/yii2-debug",
            "version": "2.1.13",
            "source": {
                "type": "git",
                "url": "https://github.com/yiisoft/yii2-debug.git",
                "reference": "696712a2a3565b1a072ad3c9d298e262967e8282"
            },
            "dist": {
                "type": "zip",
                "url": "https://api.github.com/repos/yiisoft/yii2-debug/zipball/696712a2a3565b1a072ad3c9d298e262967e8282",
                "reference": "696712a2a3565b1a072ad3c9d298e262967e8282",
                "shasum": ""
            },
            "require": {
                "ext-mbstring": "*",
                "opis/closure": "^3.3",
                "php": ">=5.4",
                "yiisoft/yii2": "~2.0.13"
            },
            "require-dev": {
                "phpunit/phpunit": "<7",
                "yiisoft/yii2-coding-standards": "~2.0",
                "yiisoft/yii2-swiftmailer": "*"
            },
            "type": "yii2-extension",
            "extra": {
                "branch-alias": {
                    "dev-master": "2.0.x-dev"
                }
            },
            "autoload": {
                "psr-4": {
                    "yii\\debug\\": "src"
                }
            },
            "notification-url": "https://packagist.org/downloads/",
            "license": [
                "BSD-3-Clause"
            ],
            "authors": [
                {
                    "name": "Qiang Xue",
                    "email": "qiang.xue@gmail.com"
                },
                {
                    "name": "Simon Karlen",
                    "email": "simi.albi@outlook.com"
                }
            ],
            "description": "The debugger extension for the Yii framework",
            "keywords": [
                "debug",
                "debugger",
                "yii2"
            ],
            "time": "2020-01-17T13:40:32+00:00"
        },
        {
            "name": "yiisoft/yii2-gii",
            "version": "2.2.1",
            "source": {
                "type": "git",
                "url": "https://github.com/yiisoft/yii2-gii.git",
                "reference": "f3bb400b578b0a0ee737d267ebaffdaad7b32dee"
            },
            "dist": {
                "type": "zip",
                "url": "https://api.github.com/repos/yiisoft/yii2-gii/zipball/f3bb400b578b0a0ee737d267ebaffdaad7b32dee",
                "reference": "f3bb400b578b0a0ee737d267ebaffdaad7b32dee",
                "shasum": ""
            },
            "require": {
                "phpspec/php-diff": "^1.1.0",
                "yiisoft/yii2": "~2.0.14"
            },
            "require-dev": {
                "phpunit/phpunit": "<7",
                "yiisoft/yii2-coding-standards": "~2.0"
            },
            "type": "yii2-extension",
            "extra": {
                "branch-alias": {
                    "dev-master": "2.0.x-dev"
                }
            },
            "autoload": {
                "psr-4": {
                    "yii\\gii\\": "src"
                }
            },
            "notification-url": "https://packagist.org/downloads/",
            "license": [
                "BSD-3-Clause"
            ],
            "authors": [
                {
                    "name": "Qiang Xue",
                    "email": "qiang.xue@gmail.com"
                }
            ],
            "description": "The Gii extension for the Yii framework",
            "keywords": [
                "code generator",
                "gii",
                "yii2"
            ],
            "funding": [
                {
                    "url": "https://github.com/yiisoft",
                    "type": "github"
                },
                {
                    "url": "https://opencollective.com/yiisoft",
                    "type": "open_collective"
                },
                {
                    "url": "https://tidelift.com/funding/github/packagist/yiisoft/yii2-gii",
                    "type": "tidelift"
                }
            ],
            "time": "2020-05-02T11:59:43+00:00"
        }
    ],
    "aliases": [],
    "minimum-stability": "stable",
    "stability-flags": [],
    "prefer-stable": false,
    "prefer-lowest": false,
    "platform": {
        "php": ">=7.1.0"
    },
    "platform-dev": [],
    "plugin-api-version": "1.1.0"
}
